
Microsoft Visual Studio Solution File, Format Version 12.00
# Visual Studio Version 17
VisualStudioVersion = 17.0.31903.59
MinimumVisualStudioVersion = 10.0.40219.1
Project("{FAE04EC0-301F-11D3-BF4B-00C04F79EFBC}") = "Application", "Application\Application.csproj", "{944DACD6-6AD4-4FE4-9E83-23E49C084F09}"
EndProject
Project("{FAE04EC0-301F-11D3-BF4B-00C04F79EFBC}") = "Domain", "Domain\Domain.csproj", "{F1C96B57-AF87-439E-B502-76A520E4560D}"
EndProject
Project("{FAE04EC0-301F-11D3-BF4B-00C04F79EFBC}") = "Host", "Host\Host.csproj", "{F5A23E15-8CA2-4000-AB31-02D2C191D463}"
EndProject
Project("{2150E333-8FDC-42A3-9474-1A3956D46DE8}") = "Adapters", "Adapters", "{0282BA6A-CC40-40CE-AE92-FAA8187691C9}"
EndProject
Project("{FAE04EC0-301F-11D3-BF4B-00C04F79EFBC}") = "Api", "Adapters\Api\Api.csproj", "{E519DDF5-517A-4AB4-A924-400BE6FFE57C}"
EndProject
Project("{FAE04EC0-301F-11D3-BF4B-00C04F79EFBC}") = "ContentParser", "Adapters\ContentParser\ContentParser.csproj", "{8F15BB06-A830-441B-8D7C-2C9E91D18A09}"
EndProject
Project("{FAE04EC0-301F-11D3-BF4B-00C04F79EFBC}") = "ContentRetriever", "Adapters\ContentRetriever\ContentRetriever.csproj", "{A41A2976-AC2B-4F1E-9937-94E3C6AFC65F}"
EndProject
Project("{FAE04EC0-301F-11D3-BF4B-00C04F79EFBC}") = "Jobs", "Adapters\Jobs\Jobs.csproj", "{F49CC964-A768-4E7B-AD97-E7026BA9698A}"
EndProject
Project("{FAE04EC0-301F-11D3-BF4B-00C04F79EFBC}") = "Persistence", "Adapters\Persistence\Persistence.csproj", "{4231BCD2-CDD6-4A04-94A9-0829347871B3}"
EndProject
Project("{2150E333-8FDC-42A3-9474-1A3956D46DE8}") = "Tests", "Tests", "{14248DDB-FFF6-4A79-AF91-4015BE869C0E}"
EndProject
Project("{FAE04EC0-301F-11D3-BF4B-00C04F79EFBC}") = "Application.Tests", "Tests\Application.Tests\Application.Tests.csproj", "{C9409F99-A742-40B5-83C8-6FE4FF62E9EF}"
EndProject
Project("{FAE04EC0-301F-11D3-BF4B-00C04F79EFBC}") = "Domain.Tests", "Tests\Domain.Tests\Domain.Tests.csproj", "{E92A2A33-113D-4B14-AB23-580EBE8A1076}"
EndProject
Project("{2150E333-8FDC-42A3-9474-1A3956D46DE8}") = "Tests", "Tests", "{0B40D056-7E79-40C8-8E7A-7DA3DC673FA2}"
EndProject
Project("{FAE04EC0-301F-11D3-BF4B-00C04F79EFBC}") = "Api.Tests", "Adapters\Tests\Api.Tests\Api.Tests.csproj", "{0C4DCCA9-5D38-464E-A6CF-4B423F8B73A6}"
EndProject
Project("{FAE04EC0-301F-11D3-BF4B-00C04F79EFBC}") = "ContentParser.Tests", "Adapters\Tests\ContentParser.Tests\ContentParser.Tests.csproj", "{F2FB0153-AF25-4EA8-AB89-86768D4062A2}"
EndProject
Project("{FAE04EC0-301F-11D3-BF4B-00C04F79EFBC}") = "ContentRetriever.Tests", "Adapters\Tests\ContentRetriever.Tests\ContentRetriever.Tests.csproj", "{13E4EB79-ACED-47AC-95E4-2B3517299EBA}"
EndProject
Project("{FAE04EC0-301F-11D3-BF4B-00C04F79EFBC}") = "Jobs.Tests", "Adapters\Tests\Jobs.Tests\Jobs.Tests.csproj", "{D9345054-CF36-404C-A367-30E4EAC3931C}"
EndProject
Project("{FAE04EC0-301F-11D3-BF4B-00C04F79EFBC}") = "Persistence.Tests", "Adapters\Tests\Persistence.Tests\Persistence.Tests.csproj", "{75C2C27B-B3F8-40C7-B737-4873E28C9F33}"
EndProject
Global
	GlobalSection(SolutionConfigurationPlatforms) = preSolution
		Debug|Any CPU = Debug|Any CPU
		Release|Any CPU = Release|Any CPU
	EndGlobalSection
	GlobalSection(SolutionProperties) = preSolution
		HideSolutionNode = FALSE
	EndGlobalSection
	GlobalSection(ProjectConfigurationPlatforms) = postSolution
		{944DACD6-6AD4-4FE4-9E83-23E49C084F09}.Debug|Any CPU.ActiveCfg = Debug|Any CPU
		{944DACD6-6AD4-4FE4-9E83-23E49C084F09}.Debug|Any CPU.Build.0 = Debug|Any CPU
		{944DACD6-6AD4-4FE4-9E83-23E49C084F09}.Release|Any CPU.ActiveCfg = Release|Any CPU
		{944DACD6-6AD4-4FE4-9E83-23E49C084F09}.Release|Any CPU.Build.0 = Release|Any CPU
		{F1C96B57-AF87-439E-B502-76A520E4560D}.Debug|Any CPU.ActiveCfg = Debug|Any CPU
		{F1C96B57-AF87-439E-B502-76A520E4560D}.Debug|Any CPU.Build.0 = Debug|Any CPU
		{F1C96B57-AF87-439E-B502-76A520E4560D}.Release|Any CPU.ActiveCfg = Release|Any CPU
		{F1C96B57-AF87-439E-B502-76A520E4560D}.Release|Any CPU.Build.0 = Release|Any CPU
		{F5A23E15-8CA2-4000-AB31-02D2C191D463}.Debug|Any CPU.ActiveCfg = Debug|Any CPU
		{F5A23E15-8CA2-4000-AB31-02D2C191D463}.Debug|Any CPU.Build.0 = Debug|Any CPU
		{F5A23E15-8CA2-4000-AB31-02D2C191D463}.Release|Any CPU.ActiveCfg = Release|Any CPU
		{F5A23E15-8CA2-4000-AB31-02D2C191D463}.Release|Any CPU.Build.0 = Release|Any CPU
		{E519DDF5-517A-4AB4-A924-400BE6FFE57C}.Debug|Any CPU.ActiveCfg = Debug|Any CPU
		{E519DDF5-517A-4AB4-A924-400BE6FFE57C}.Debug|Any CPU.Build.0 = Debug|Any CPU
		{E519DDF5-517A-4AB4-A924-400BE6FFE57C}.Release|Any CPU.ActiveCfg = Release|Any CPU
		{E519DDF5-517A-4AB4-A924-400BE6FFE57C}.Release|Any CPU.Build.0 = Release|Any CPU
		{8F15BB06-A830-441B-8D7C-2C9E91D18A09}.Debug|Any CPU.ActiveCfg = Debug|Any CPU
		{8F15BB06-A830-441B-8D7C-2C9E91D18A09}.Debug|Any CPU.Build.0 = Debug|Any CPU
		{8F15BB06-A830-441B-8D7C-2C9E91D18A09}.Release|Any CPU.ActiveCfg = Release|Any CPU
		{8F15BB06-A830-441B-8D7C-2C9E91D18A09}.Release|Any CPU.Build.0 = Release|Any CPU
		{A41A2976-AC2B-4F1E-9937-94E3C6AFC65F}.Debug|Any CPU.ActiveCfg = Debug|Any CPU
		{A41A2976-AC2B-4F1E-9937-94E3C6AFC65F}.Debug|Any CPU.Build.0 = Debug|Any CPU
		{A41A2976-AC2B-4F1E-9937-94E3C6AFC65F}.Release|Any CPU.ActiveCfg = Release|Any CPU
		{A41A2976-AC2B-4F1E-9937-94E3C6AFC65F}.Release|Any CPU.Build.0 = Release|Any CPU
		{F49CC964-A768-4E7B-AD97-E7026BA9698A}.Debug|Any CPU.ActiveCfg = Debug|Any CPU
		{F49CC964-A768-4E7B-AD97-E7026BA9698A}.Debug|Any CPU.Build.0 = Debug|Any CPU
		{F49CC964-A768-4E7B-AD97-E7026BA9698A}.Release|Any CPU.ActiveCfg = Release|Any CPU
		{F49CC964-A768-4E7B-AD97-E7026BA9698A}.Release|Any CPU.Build.0 = Release|Any CPU
		{4231BCD2-CDD6-4A04-94A9-0829347871B3}.Debug|Any CPU.ActiveCfg = Debug|Any CPU
		{4231BCD2-CDD6-4A04-94A9-0829347871B3}.Debug|Any CPU.Build.0 = Debug|Any CPU
		{4231BCD2-CDD6-4A04-94A9-0829347871B3}.Release|Any CPU.ActiveCfg = Release|Any CPU
		{4231BCD2-CDD6-4A04-94A9-0829347871B3}.Release|Any CPU.Build.0 = Release|Any CPU
		{C9409F99-A742-40B5-83C8-6FE4FF62E9EF}.Debug|Any CPU.ActiveCfg = Debug|Any CPU
		{C9409F99-A742-40B5-83C8-6FE4FF62E9EF}.Debug|Any CPU.Build.0 = Debug|Any CPU
		{C9409F99-A742-40B5-83C8-6FE4FF62E9EF}.Release|Any CPU.ActiveCfg = Release|Any CPU
		{C9409F99-A742-40B5-83C8-6FE4FF62E9EF}.Release|Any CPU.Build.0 = Release|Any CPU
		{E92A2A33-113D-4B14-AB23-580EBE8A1076}.Debug|Any CPU.ActiveCfg = Debug|Any CPU
		{E92A2A33-113D-4B14-AB23-580EBE8A1076}.Debug|Any CPU.Build.0 = Debug|Any CPU
		{E92A2A33-113D-4B14-AB23-580EBE8A1076}.Release|Any CPU.ActiveCfg = Release|Any CPU
		{E92A2A33-113D-4B14-AB23-580EBE8A1076}.Release|Any CPU.Build.0 = Release|Any CPU
		{0C4DCCA9-5D38-464E-A6CF-4B423F8B73A6}.Debug|Any CPU.ActiveCfg = Debug|Any CPU
		{0C4DCCA9-5D38-464E-A6CF-4B423F8B73A6}.Debug|Any CPU.Build.0 = Debug|Any CPU
		{0C4DCCA9-5D38-464E-A6CF-4B423F8B73A6}.Release|Any CPU.ActiveCfg = Release|Any CPU
		{0C4DCCA9-5D38-464E-A6CF-4B423F8B73A6}.Release|Any CPU.Build.0 = Release|Any CPU
		{F2FB0153-AF25-4EA8-AB89-86768D4062A2}.Debug|Any CPU.ActiveCfg = Debug|Any CPU
		{F2FB0153-AF25-4EA8-AB89-86768D4062A2}.Debug|Any CPU.Build.0 = Debug|Any CPU
		{F2FB0153-AF25-4EA8-AB89-86768D4062A2}.Release|Any CPU.ActiveCfg = Release|Any CPU
		{F2FB0153-AF25-4EA8-AB89-86768D4062A2}.Release|Any CPU.Build.0 = Release|Any CPU
		{13E4EB79-ACED-47AC-95E4-2B3517299EBA}.Debug|Any CPU.ActiveCfg = Debug|Any CPU
		{13E4EB79-ACED-47AC-95E4-2B3517299EBA}.Debug|Any CPU.Build.0 = Debug|Any CPU
		{13E4EB79-ACED-47AC-95E4-2B3517299EBA}.Release|Any CPU.ActiveCfg = Release|Any CPU
		{13E4EB79-ACED-47AC-95E4-2B3517299EBA}.Release|Any CPU.Build.0 = Release|Any CPU
		{D9345054-CF36-404C-A367-30E4EAC3931C}.Debug|Any CPU.ActiveCfg = Debug|Any CPU
		{D9345054-CF36-404C-A367-30E4EAC3931C}.Debug|Any CPU.Build.0 = Debug|Any CPU
		{D9345054-CF36-404C-A367-30E4EAC3931C}.Release|Any CPU.ActiveCfg = Release|Any CPU
		{D9345054-CF36-404C-A367-30E4EAC3931C}.Release|Any CPU.Build.0 = Release|Any CPU
		{75C2C27B-B3F8-40C7-B737-4873E28C9F33}.Debug|Any CPU.ActiveCfg = Debug|Any CPU
		{75C2C27B-B3F8-40C7-B737-4873E28C9F33}.Debug|Any CPU.Build.0 = Debug|Any CPU
		{75C2C27B-B3F8-40C7-B737-4873E28C9F33}.Release|Any CPU.ActiveCfg = Release|Any CPU
		{75C2C27B-B3F8-40C7-B737-4873E28C9F33}.Release|Any CPU.Build.0 = Release|Any CPU
	EndGlobalSection
	GlobalSection(NestedProjects) = preSolution
		{E519DDF5-517A-4AB4-A924-400BE6FFE57C} = {0282BA6A-CC40-40CE-AE92-FAA8187691C9}
		{8F15BB06-A830-441B-8D7C-2C9E91D18A09} = {0282BA6A-CC40-40CE-AE92-FAA8187691C9}
		{A41A2976-AC2B-4F1E-9937-94E3C6AFC65F} = {0282BA6A-CC40-40CE-AE92-FAA8187691C9}
		{F49CC964-A768-4E7B-AD97-E7026BA9698A} = {0282BA6A-CC40-40CE-AE92-FAA8187691C9}
		{4231BCD2-CDD6-4A04-94A9-0829347871B3} = {0282BA6A-CC40-40CE-AE92-FAA8187691C9}
		{C9409F99-A742-40B5-83C8-6FE4FF62E9EF} = {14248DDB-FFF6-4A79-AF91-4015BE869C0E}
		{E92A2A33-113D-4B14-AB23-580EBE8A1076} = {14248DDB-FFF6-4A79-AF91-4015BE869C0E}
		{0B40D056-7E79-40C8-8E7A-7DA3DC673FA2} = {0282BA6A-CC40-40CE-AE92-FAA8187691C9}
		{0C4DCCA9-5D38-464E-A6CF-4B423F8B73A6} = {0B40D056-7E79-40C8-8E7A-7DA3DC673FA2}
		{F2FB0153-AF25-4EA8-AB89-86768D4062A2} = {0B40D056-7E79-40C8-8E7A-7DA3DC673FA2}
		{13E4EB79-ACED-47AC-95E4-2B3517299EBA} = {0B40D056-7E79-40C8-8E7A-7DA3DC673FA2}
		{D9345054-CF36-404C-A367-30E4EAC3931C} = {0B40D056-7E79-40C8-8E7A-7DA3DC673FA2}
		{75C2C27B-B3F8-40C7-B737-4873E28C9F33} = {0B40D056-7E79-40C8-8E7A-7DA3DC673FA2}
	EndGlobalSection
EndGlobal
